
Microsoft Visual Studio Solution File, Format Version 11.00
# Visual Studio 2010
Project("{8BC9CEB8-8B4A-11D0-8D11-00A0C91BC942}") = "getTextWidthPiex", "getTextWidthPiex\getTextWidthPiex.vcxproj", "{27BC3C52-9C3B-4AE2-896B-5A3CBFC8626F}"
EndProject
Global
	GlobalSection(SolutionConfigurationPlatforms) = preSolution
		Debug|Win32 = Debug|Win32
		Release|Win32 = Release|Win32
	EndGlobalSection
	GlobalSection(ProjectConfigurationPlatforms) = postSolution
		{27BC3C52-9C3B-4AE2-896B-5A3CBFC8626F}.Debug|Win32.ActiveCfg = Debug|Win32
		{27BC3C52-9C3B-4AE2-896B-5A3CBFC8626F}.Debug|Win32.Build.0 = Debug|Win32
		{27BC3C52-9C3B-4AE2-896B-5A3CBFC8626F}.Release|Win32.ActiveCfg = Release|Win32
		{27BC3C52-9C3B-4AE2-896B-5A3CBFC8626F}.Release|Win32.Build.0 = Release|Win32
	EndGlobalSection
	GlobalSection(SolutionProperties) = preSolution
		HideSolutionNode = FALSE
	EndGlobalSection
EndGlobal
